
Microsoft Visual Studio Solution File, Format Version 12.00
# Visual Studio Version 17
VisualStudioVersion = 17.3.32825.248
MinimumVisualStudioVersion = 10.0.40219.1
Project("{FAE04EC0-301F-11D3-BF4B-00C04F79EFBC}") = "ConsoleApp9", "ConsoleApp9\ConsoleApp9.csproj", "{84176BA6-7698-43A7-BC4C-4B627F67883E}"
EndProject
Global
	GlobalSection(SolutionConfigurationPlatforms) = preSolution
		Debug|Any CPU = Debug|Any CPU
		Release|Any CPU = Release|Any CPU
	EndGlobalSection
	GlobalSection(ProjectConfigurationPlatforms) = postSolution
		{84176BA6-7698-43A7-BC4C-4B627F67883E}.Debug|Any CPU.ActiveCfg = Debug|Any CPU
		{84176BA6-7698-43A7-BC4C-4B627F67883E}.Debug|Any CPU.Build.0 = Debug|Any CPU
		{84176BA6-7698-43A7-BC4C-4B627F67883E}.Release|Any CPU.ActiveCfg = Release|Any CPU
		{84176BA6-7698-43A7-BC4C-4B627F67883E}.Release|Any CPU.Build.0 = Release|Any CPU
	EndGlobalSection
	GlobalSection(SolutionProperties) = preSolution
		HideSolutionNode = FALSE
	EndGlobalSection
	GlobalSection(ExtensibilityGlobals) = postSolution
		SolutionGuid = {2C50C1EC-8765-4176-BC72-AD2EF68F68B8}
	EndGlobalSection
EndGlobal
